{
  "name": "white-hat-cyber-intelligence-book",
  "version": "0.1.0",
  "lockfileVersion": 3,
  "requires": true,
  "packages": {
    "": {
      "name": "white-hat-cyber-intelligence-book",
      "version": "0.1.0",
      "license": "(CC-BY-NC-SA-4.0 AND Apache-2.0)",
      "devDependencies": {
        "@mermaid-js/tiny": "12.0.0"
      },
      "engines": {
        "node": ">=22.12.0"
      }
    },
    "node_modules/@mermaid-js/tiny": {
      "version": "12.0.0",
      "resolved": "https://registry.npmjs.org/@mermaid-js/tiny/-/tiny-12.0.0.tgz",
      "integrity": "sha512-ZW9YXy+3tSLPscBT+NnQO0K0qYH7BGES5nExl6Snoygey7xd2N0cO7Nq30N5k/u7gIeYoCrldyVy+VTCMWrNDQ==",
      "dev": true,
      "license": "MIT",
      "engines": {
        "node": ">=22.12.0"
      }
    }
  }
}
